
Microsoft Visual Studio Solution File, Format Version 12.00
# Visual Studio Version 17
VisualStudioVersion = 17.4.33213.308
MinimumVisualStudioVersion = 10.0.40219.1
Project("{FAE04EC0-301F-11D3-BF4B-00C04F79EFBC}") = "Pong-Game-C-Sharp", "Pong-Game-C-Sharp\Pong-Game-C-Sharp.csproj", "{37E0632F-B288-4E9D-BB3F-7C080354593B}"
EndProject
Global
	GlobalSection(SolutionConfigurationPlatforms) = preSolution
		Debug|Any CPU = Debug|Any CPU
		Release|Any CPU = Release|Any CPU
	EndGlobalSection
	GlobalSection(ProjectConfigurationPlatforms) = postSolution
		{37E0632F-B288-4E9D-BB3F-7C080354593B}.Debug|Any CPU.ActiveCfg = Debug|Any CPU
		{37E0632F-B288-4E9D-BB3F-7C080354593B}.Debug|Any CPU.Build.0 = Debug|Any CPU
		{37E0632F-B288-4E9D-BB3F-7C080354593B}.Release|Any CPU.ActiveCfg = Release|Any CPU
		{37E0632F-B288-4E9D-BB3F-7C080354593B}.Release|Any CPU.Build.0 = Release|Any CPU
	EndGlobalSection
	GlobalSection(SolutionProperties) = preSolution
		HideSolutionNode = FALSE
	EndGlobalSection
	GlobalSection(ExtensibilityGlobals) = postSolution
		SolutionGuid = {637F8525-CEC4-4A2B-8DEA-26FCEE3888CD}
	EndGlobalSection
EndGlobal
